
Microsoft Visual Studio Solution File, Format Version 12.00
# Visual Studio 14
VisualStudioVersion = 14.0.25420.1
MinimumVisualStudioVersion = 10.0.40219.1
Project("{2150E333-8FDC-42A3-9474-1A3956D46DE8}") = "src", "src", "{AA2576E3-3F3C-44E1-82BB-34CE508D088B}"
EndProject
Project("{2150E333-8FDC-42A3-9474-1A3956D46DE8}") = "Solution Items", "Solution Items", "{F50FE8C6-B223-4DBD-A4FC-C99BBDDF39E4}"
	ProjectSection(SolutionItems) = preProject
		global.json = global.json
	EndProjectSection
EndProject
Project("{8BB2217D-0F2D-49D1-97BC-3654ED321F3B}") = "poisk", "src\poisk\poisk.xproj", "{7C3AE996-874D-4AA2-BDD4-7061E7A7145D}"
EndProject
Global
	GlobalSection(SolutionConfigurationPlatforms) = preSolution
		Debug|Any CPU = Debug|Any CPU
		Release|Any CPU = Release|Any CPU
	EndGlobalSection
	GlobalSection(ProjectConfigurationPlatforms) = postSolution
		{7C3AE996-874D-4AA2-BDD4-7061E7A7145D}.Debug|Any CPU.ActiveCfg = Debug|Any CPU
		{7C3AE996-874D-4AA2-BDD4-7061E7A7145D}.Debug|Any CPU.Build.0 = Debug|Any CPU
		{7C3AE996-874D-4AA2-BDD4-7061E7A7145D}.Release|Any CPU.ActiveCfg = Release|Any CPU
		{7C3AE996-874D-4AA2-BDD4-7061E7A7145D}.Release|Any CPU.Build.0 = Release|Any CPU
	EndGlobalSection
	GlobalSection(SolutionProperties) = preSolution
		HideSolutionNode = FALSE
	EndGlobalSection
	GlobalSection(NestedProjects) = preSolution
		{7C3AE996-874D-4AA2-BDD4-7061E7A7145D} = {AA2576E3-3F3C-44E1-82BB-34CE508D088B}
	EndGlobalSection
EndGlobal
